
Microsoft Visual Studio Solution File, Format Version 12.00
# Visual Studio Version 16
VisualStudioVersion = 16.0.32106.194
MinimumVisualStudioVersion = 10.0.40219.1
Project("{FAE04EC0-301F-11D3-BF4B-00C04F79EFBC}") = "LearningGIT", "LearningGIT\LearningGIT.csproj", "{9DAE8F7C-A680-460A-B5EA-1B8B92AFF43E}"
EndProject
Global
	GlobalSection(SolutionConfigurationPlatforms) = preSolution
		Debug|Any CPU = Debug|Any CPU
		Release|Any CPU = Release|Any CPU
	EndGlobalSection
	GlobalSection(ProjectConfigurationPlatforms) = postSolution
		{9DAE8F7C-A680-460A-B5EA-1B8B92AFF43E}.Debug|Any CPU.ActiveCfg = Debug|Any CPU
		{9DAE8F7C-A680-460A-B5EA-1B8B92AFF43E}.Debug|Any CPU.Build.0 = Debug|Any CPU
		{9DAE8F7C-A680-460A-B5EA-1B8B92AFF43E}.Release|Any CPU.ActiveCfg = Release|Any CPU
		{9DAE8F7C-A680-460A-B5EA-1B8B92AFF43E}.Release|Any CPU.Build.0 = Release|Any CPU
	EndGlobalSection
	GlobalSection(SolutionProperties) = preSolution
		HideSolutionNode = FALSE
	EndGlobalSection
	GlobalSection(ExtensibilityGlobals) = postSolution
		SolutionGuid = {07F0F41C-912D-458B-8328-4CE0E8492FAD}
	EndGlobalSection
EndGlobal
